// !$*UTF8*$!
{
	archiveVersion = 1;
	classes = {
	};
	objectVersion = 56;
	objects = {

/* Begin PBXBuildFile section */
		6E064A182CFA3F8600B178B7 /* bartenderApp.swift in Sources */ = {isa = PBXBuildFile; fileRef = 6E064A172CFA3F8600B178B7 /* bartenderApp.swift */; };
		6E064A1A2CFA3F8600B178B7 /* CocktailListView.swift in Sources */ = {isa = PBXBuildFile; fileRef = 6E064A192CFA3F8600B178B7 /* CocktailListView.swift */; };
		6E064A1C2CFA3F8800B178B7 /* Assets.xcassets in Resources */ = {isa = PBXBuildFile; fileRef = 6E064A1B2CFA3F8800B178B7 /* Assets.xcassets */; };
		6E064A1F2CFA3F8800B178B7 /* Preview Assets.xcassets in Resources */ = {isa = PBXBuildFile; fileRef = 6E064A1E2CFA3F8800B178B7 /* Preview Assets.xcassets */; };
		6E064A2B2CFA407B00B178B7 /* CocktailService.swift in Sources */ = {isa = PBXBuildFile; fileRef = 6E064A2A2CFA407B00B178B7 /* CocktailService.swift */; };
		6E064A2E2CFA409400B178B7 /* CocktailViewModel.swift in Sources */ = {isa = PBXBuildFile; fileRef = 6E064A2D2CFA409400B178B7 /* CocktailViewModel.swift */; };
		6E064A322CFA4EDB00B178B7 /* CocktailCardView.swift in Sources */ = {isa = PBXBuildFile; fileRef = 6E064A312CFA4EDB00B178B7 /* CocktailCardView.swift */; };
		6E064A352CFA512C00B178B7 /* CocktailDetailView.swift in Sources */ = {isa = PBXBuildFile; fileRef = 6E064A342CFA512C00B178B7 /* CocktailDetailView.swift */; };
		6E064A372CFA5A8E00B178B7 /* FilterBarView.swift in Sources */ = {isa = PBXBuildFile; fileRef = 6E064A362CFA5A8E00B178B7 /* FilterBarView.swift */; };
		6E064A3A2CFA5DE200B178B7 /* FilterOption.swift in Sources */ = {isa = PBXBuildFile; fileRef = 6E064A392CFA5DE200B178B7 /* FilterOption.swift */; };
		6E064A3C2CFA61B100B178B7 /* CocktailListModel.swift in Sources */ = {isa = PBXBuildFile; fileRef = 6E064A3B2CFA61B100B178B7 /* CocktailListModel.swift */; };
		6E064A402CFA643700B178B7 /* DeveloperPreview.swift in Sources */ = {isa = PBXBuildFile; fileRef = 6E064A3F2CFA643700B178B7 /* DeveloperPreview.swift */; };
		6E064A442CFA711100B178B7 /* Drinks.swift in Sources */ = {isa = PBXBuildFile; fileRef = 6E064A432CFA711100B178B7 /* Drinks.swift */; };
		6E064A472CFA71A500B178B7 /* CocktailDetailViewModel.swift in Sources */ = {isa = PBXBuildFile; fileRef = 6E064A462CFA71A500B178B7 /* CocktailDetailViewModel.swift */; };
		6E064A492CFA72EF00B178B7 /* CocktailDetailService.swift in Sources */ = {isa = PBXBuildFile; fileRef = 6E064A482CFA72EF00B178B7 /* CocktailDetailService.swift */; };
/* End PBXBuildFile section */

/* Begin PBXFileReference section */
		6E064A142CFA3F8600B178B7 /* bartender.app */ = {isa = PBXFileReference; explicitFileType = wrapper.application; includeInIndex = 0; path = bartender.app; sourceTree = BUILT_PRODUCTS_DIR; };
		6E064A172CFA3F8600B178B7 /* bartenderApp.swift */ = {isa = PBXFileReference; lastKnownFileType = sourcecode.swift; path = bartenderApp.swift; sourceTree = "<group>"; };
		6E064A192CFA3F8600B178B7 /* CocktailListView.swift */ = {isa = PBXFileReference; lastKnownFileType = sourcecode.swift; path = CocktailListView.swift; sourceTree = "<group>"; };
		6E064A1B2CFA3F8800B178B7 /* Assets.xcassets */ = {isa = PBXFileReference; lastKnownFileType = folder.assetcatalog; path = Assets.xcassets; sourceTree = "<group>"; };
		6E064A1E2CFA3F8800B178B7 /* Preview Assets.xcassets */ = {isa = PBXFileReference; lastKnownFileType = folder.assetcatalog; path = "Preview Assets.xcassets"; sourceTree = "<group>"; };
		6E064A2A2CFA407B00B178B7 /* CocktailService.swift */ = {isa = PBXFileReference; lastKnownFileType = sourcecode.swift; path = CocktailService.swift; sourceTree = "<group>"; };
		6E064A2D2CFA409400B178B7 /* CocktailViewModel.swift */ = {isa = PBXFileReference; lastKnownFileType = sourcecode.swift; path = CocktailViewModel.swift; sourceTree = "<group>"; };
		6E064A312CFA4EDB00B178B7 /* CocktailCardView.swift */ = {isa = PBXFileReference; lastKnownFileType = sourcecode.swift; path = CocktailCardView.swift; sourceTree = "<group>"; };
		6E064A342CFA512C00B178B7 /* CocktailDetailView.swift */ = {isa = PBXFileReference; lastKnownFileType = sourcecode.swift; path = CocktailDetailView.swift; sourceTree = "<group>"; };
		6E064A362CFA5A8E00B178B7 /* FilterBarView.swift */ = {isa = PBXFileReference; lastKnownFileType = sourcecode.swift; path = FilterBarView.swift; sourceTree = "<group>"; };
		6E064A392CFA5DE200B178B7 /* FilterOption.swift */ = {isa = PBXFileReference; lastKnownFileType = sourcecode.swift; path = FilterOption.swift; sourceTree = "<group>"; };
		6E064A3B2CFA61B100B178B7 /* CocktailListModel.swift */ = {isa = PBXFileReference; lastKnownFileType = sourcecode.swift; path = CocktailListModel.swift; sourceTree = "<group>"; };
		6E064A3F2CFA643700B178B7 /* DeveloperPreview.swift */ = {isa = PBXFileReference; lastKnownFileType = sourcecode.swift; path = DeveloperPreview.swift; sourceTree = "<group>"; };
		6E064A432CFA711100B178B7 /* Drinks.swift */ = {isa = PBXFileReference; lastKnownFileType = sourcecode.swift; path = Drinks.swift; sourceTree = "<group>"; };
		6E064A462CFA71A500B178B7 /* CocktailDetailViewModel.swift */ = {isa = PBXFileReference; lastKnownFileType = sourcecode.swift; path = CocktailDetailViewModel.swift; sourceTree = "<group>"; };
		6E064A482CFA72EF00B178B7 /* CocktailDetailService.swift */ = {isa = PBXFileReference; lastKnownFileType = sourcecode.swift; path = CocktailDetailService.swift; sourceTree = "<group>"; };
/* End PBXFileReference section */

/* Begin PBXFrameworksBuildPhase section */
		6E064A112CFA3F8600B178B7 /* Frameworks */ = {
			isa = PBXFrameworksBuildPhase;
			buildActionMask = 2147483647;
			files = (
			);
			runOnlyForDeploymentPostprocessing = 0;
		};
/* End PBXFrameworksBuildPhase section */

/* Begin PBXGroup section */
		6E064A0B2CFA3F8600B178B7 = {
			isa = PBXGroup;
			children = (
				6E064A162CFA3F8600B178B7 /* bartender */,
				6E064A152CFA3F8600B178B7 /* Products */,
			);
			sourceTree = "<group>";
		};
		6E064A152CFA3F8600B178B7 /* Products */ = {
			isa = PBXGroup;
			children = (
				6E064A142CFA3F8600B178B7 /* bartender.app */,
			);
			name = Products;
			sourceTree = "<group>";
		};
		6E064A162CFA3F8600B178B7 /* bartender */ = {
			isa = PBXGroup;
			children = (
				6E064A252CFA402200B178B7 /* Core */,
				6E064A1B2CFA3F8800B178B7 /* Assets.xcassets */,
				6E064A1D2CFA3F8800B178B7 /* Preview Content */,
			);
			path = bartender;
			sourceTree = "<group>";
		};
		6E064A1D2CFA3F8800B178B7 /* Preview Content */ = {
			isa = PBXGroup;
			children = (
				6E064A1E2CFA3F8800B178B7 /* Preview Assets.xcassets */,
			);
			path = "Preview Content";
			sourceTree = "<group>";
		};
		6E064A252CFA402200B178B7 /* Core */ = {
			isa = PBXGroup;
			children = (
				6E064A3E2CFA642200B178B7 /* Utils */,
				6E064A272CFA403500B178B7 /* Screens */,
				6E064A382CFA5DBF00B178B7 /* Components */,
				6E064A262CFA402D00B178B7 /* App */,
			);
			path = Core;
			sourceTree = "<group>";
		};
		6E064A262CFA402D00B178B7 /* App */ = {
			isa = PBXGroup;
			children = (
				6E064A172CFA3F8600B178B7 /* bartenderApp.swift */,
			);
			path = App;
			sourceTree = "<group>";
		};
		6E064A272CFA403500B178B7 /* Screens */ = {
			isa = PBXGroup;
			children = (
				6E064A332CFA511400B178B7 /* CocktailDetail */,
				6E064A282CFA403D00B178B7 /* CocktailList */,
			);
			path = Screens;
			sourceTree = "<group>";
		};
		6E064A282CFA403D00B178B7 /* CocktailList */ = {
			isa = PBXGroup;
			children = (
				6E064A302CFA4EC400B178B7 /* View */,
				6E064A2F2CFA40AA00B178B7 /* Model */,
				6E064A2C2CFA408600B178B7 /* ViewModel */,
				6E064A292CFA406B00B178B7 /* Service */,
			);
			path = CocktailList;
			sourceTree = "<group>";
		};
		6E064A292CFA406B00B178B7 /* Service */ = {
			isa = PBXGroup;
			children = (
				6E064A2A2CFA407B00B178B7 /* CocktailService.swift */,
			);
			path = Service;
			sourceTree = "<group>";
		};
		6E064A2C2CFA408600B178B7 /* ViewModel */ = {
			isa = PBXGroup;
			children = (
				6E064A2D2CFA409400B178B7 /* CocktailViewModel.swift */,
			);
			path = ViewModel;
			sourceTree = "<group>";
		};
		6E064A2F2CFA40AA00B178B7 /* Model */ = {
			isa = PBXGroup;
			children = (
				6E064A3B2CFA61B100B178B7 /* CocktailListModel.swift */,
			);
			path = Model;
			sourceTree = "<group>";
		};
		6E064A302CFA4EC400B178B7 /* View */ = {
			isa = PBXGroup;
			children = (
				6E064A192CFA3F8600B178B7 /* CocktailListView.swift */,
				6E064A312CFA4EDB00B178B7 /* CocktailCardView.swift */,
				6E064A362CFA5A8E00B178B7 /* FilterBarView.swift */,
			);
			path = View;
			sourceTree = "<group>";
		};
		6E064A332CFA511400B178B7 /* CocktailDetail */ = {
			isa = PBXGroup;
			children = (
				6E064A452CFA719200B178B7 /* Service */,
				6E064A422CFA70FF00B178B7 /* ViewModel */,
				6E064A412CFA70F900B178B7 /* Model */,
				6E3F07EB2CFBC370007F9F37 /* View */,
			);
			path = CocktailDetail;
			sourceTree = "<group>";
		};
		6E064A382CFA5DBF00B178B7 /* Components */ = {
			isa = PBXGroup;
			children = (
				6E064A392CFA5DE200B178B7 /* FilterOption.swift */,
			);
			path = Components;
			sourceTree = "<group>";
		};
		6E064A3E2CFA642200B178B7 /* Utils */ = {
			isa = PBXGroup;
			children = (
				6E064A3F2CFA643700B178B7 /* DeveloperPreview.swift */,
			);
			path = Utils;
			sourceTree = "<group>";
		};
		6E064A412CFA70F900B178B7 /* Model */ = {
			isa = PBXGroup;
			children = (
				6E064A432CFA711100B178B7 /* Drinks.swift */,
			);
			path = Model;
			sourceTree = "<group>";
		};
		6E064A422CFA70FF00B178B7 /* ViewModel */ = {
			isa = PBXGroup;
			children = (
				6E064A462CFA71A500B178B7 /* CocktailDetailViewModel.swift */,
			);
			path = ViewModel;
			sourceTree = "<group>";
		};
		6E064A452CFA719200B178B7 /* Service */ = {
			isa = PBXGroup;
			children = (
				6E064A482CFA72EF00B178B7 /* CocktailDetailService.swift */,
			);
			path = Service;
			sourceTree = "<group>";
		};
		6E3F07EB2CFBC370007F9F37 /* View */ = {
			isa = PBXGroup;
			children = (
				6E064A342CFA512C00B178B7 /* CocktailDetailView.swift */,
			);
			path = View;
			sourceTree = "<group>";
		};
/* End PBXGroup section */

/* Begin PBXNativeTarget section */
		6E064A132CFA3F8600B178B7 /* bartender */ = {
			isa = PBXNativeTarget;
			buildConfigurationList = 6E064A222CFA3F8800B178B7 /* Build configuration list for PBXNativeTarget "bartender" */;
			buildPhases = (
				6E064A102CFA3F8600B178B7 /* Sources */,
				6E064A112CFA3F8600B178B7 /* Frameworks */,
				6E064A122CFA3F8600B178B7 /* Resources */,
			);
			buildRules = (
			);
			dependencies = (
			);
			name = bartender;
			productName = bartender;
			productReference = 6E064A142CFA3F8600B178B7 /* bartender.app */;
			productType = "com.apple.product-type.application";
		};
/* End PBXNativeTarget section */

/* Begin PBXProject section */
		6E064A0C2CFA3F8600B178B7 /* Project object */ = {
			isa = PBXProject;
			attributes = {
				BuildIndependentTargetsInParallel = 1;
				LastSwiftUpdateCheck = 1540;
				LastUpgradeCheck = 1540;
				TargetAttributes = {
					6E064A132CFA3F8600B178B7 = {
						CreatedOnToolsVersion = 15.4;
					};
				};
			};
			buildConfigurationList = 6E064A0F2CFA3F8600B178B7 /* Build configuration list for PBXProject "bartender" */;
			compatibilityVersion = "Xcode 14.0";
			developmentRegion = en;
			hasScannedForEncodings = 0;
			knownRegions = (
				en,
				Base,
			);
			mainGroup = 6E064A0B2CFA3F8600B178B7;
			productRefGroup = 6E064A152CFA3F8600B178B7 /* Products */;
			projectDirPath = "";
			projectRoot = "";
			targets = (
				6E064A132CFA3F8600B178B7 /* bartender */,
			);
		};
/* End PBXProject section */

/* Begin PBXResourcesBuildPhase section */
		6E064A122CFA3F8600B178B7 /* Resources */ = {
			isa = PBXResourcesBuildPhase;
			buildActionMask = 2147483647;
			files = (
				6E064A1F2CFA3F8800B178B7 /* Preview Assets.xcassets in Resources */,
				6E064A1C2CFA3F8800B178B7 /* Assets.xcassets in Resources */,
			);
			runOnlyForDeploymentPostprocessing = 0;
		};
/* End PBXResourcesBuildPhase section */

/* Begin PBXSourcesBuildPhase section */
		6E064A102CFA3F8600B178B7 /* Sources */ = {
			isa = PBXSourcesBuildPhase;
			buildActionMask = 2147483647;
			files = (
				6E064A322CFA4EDB00B178B7 /* CocktailCardView.swift in Sources */,
				6E064A1A2CFA3F8600B178B7 /* CocktailListView.swift in Sources */,
				6E064A372CFA5A8E00B178B7 /* FilterBarView.swift in Sources */,
				6E064A2E2CFA409400B178B7 /* CocktailViewModel.swift in Sources */,
				6E064A3C2CFA61B100B178B7 /* CocktailListModel.swift in Sources */,
				6E064A472CFA71A500B178B7 /* CocktailDetailViewModel.swift in Sources */,
				6E064A402CFA643700B178B7 /* DeveloperPreview.swift in Sources */,
				6E064A3A2CFA5DE200B178B7 /* FilterOption.swift in Sources */,
				6E064A492CFA72EF00B178B7 /* CocktailDetailService.swift in Sources */,
				6E064A352CFA512C00B178B7 /* CocktailDetailView.swift in Sources */,
				6E064A182CFA3F8600B178B7 /* bartenderApp.swift in Sources */,
				6E064A442CFA711100B178B7 /* Drinks.swift in Sources */,
				6E064A2B2CFA407B00B178B7 /* CocktailService.swift in Sources */,
			);
			runOnlyForDeploymentPostprocessing = 0;
		};
/* End PBXSourcesBuildPhase section */

/* Begin XCBuildConfiguration section */
		6E064A202CFA3F8800B178B7 /* Debug */ = {
			isa = XCBuildConfiguration;
			buildSettings = {
				ALWAYS_SEARCH_USER_PATHS = NO;
				ASSETCATALOG_COMPILER_GENERATE_SWIFT_ASSET_SYMBOL_EXTENSIONS = YES;
				CLANG_ANALYZER_NONNULL = YES;
				CLANG_ANALYZER_NUMBER_OBJECT_CONVERSION = YES_AGGRESSIVE;
				CLANG_CXX_LANGUAGE_STANDARD = "gnu++20";
				CLANG_ENABLE_MODULES = YES;
				CLANG_ENABLE_OBJC_ARC = YES;
				CLANG_ENABLE_OBJC_WEAK = YES;
				CLANG_WARN_BLOCK_CAPTURE_AUTORELEASING = YES;
				CLANG_WARN_BOOL_CONVERSION = YES;
				CLANG_WARN_COMMA = YES;
				CLANG_WARN_CONSTANT_CONVERSION = YES;
				CLANG_WARN_DEPRECATED_OBJC_IMPLEMENTATIONS = YES;
				CLANG_WARN_DIRECT_OBJC_ISA_USAGE = YES_ERROR;
				CLANG_WARN_DOCUMENTATION_COMMENTS = YES;
				CLANG_WARN_EMPTY_BODY = YES;
				CLANG_WARN_ENUM_CONVERSION = YES;
				CLANG_WARN_INFINITE_RECURSION = YES;
				CLANG_WARN_INT_CONVERSION = YES;
				CLANG_WARN_NON_LITERAL_NULL_CONVERSION = YES;
				CLANG_WARN_OBJC_IMPLICIT_RETAIN_SELF = YES;
				CLANG_WARN_OBJC_LITERAL_CONVERSION = YES;
				CLANG_WARN_OBJC_ROOT_CLASS = YES_ERROR;
				CLANG_WARN_QUOTED_INCLUDE_IN_FRAMEWORK_HEADER = YES;
				CLANG_WARN_RANGE_LOOP_ANALYSIS = YES;
				CLANG_WARN_STRICT_PROTOTYPES = YES;
				CLANG_WARN_SUSPICIOUS_MOVE = YES;
				CLANG_WARN_UNGUARDED_AVAILABILITY = YES_AGGRESSIVE;
				CLANG_WARN_UNREACHABLE_CODE = YES;
				CLANG_WARN__DUPLICATE_METHOD_MATCH = YES;
				COPY_PHASE_STRIP = NO;
				DEBUG_INFORMATION_FORMAT = dwarf;
				ENABLE_STRICT_OBJC_MSGSEND = YES;
				ENABLE_TESTABILITY = YES;
				ENABLE_USER_SCRIPT_SANDBOXING = YES;
				GCC_C_LANGUAGE_STANDARD = gnu17;
				GCC_DYNAMIC_NO_PIC = NO;
				GCC_NO_COMMON_BLOCKS = YES;
				GCC_OPTIMIZATION_LEVEL = 0;
				GCC_PREPROCESSOR_DEFINITIONS = (
					"DEBUG=1",
					"$(inherited)",
				);
				GCC_WARN_64_TO_32_BIT_CONVERSION = YES;
				GCC_WARN_ABOUT_RETURN_TYPE = YES_ERROR;
				GCC_WARN_UNDECLARED_SELECTOR = YES;
				GCC_WARN_UNINITIALIZED_AUTOS = YES_AGGRESSIVE;
				GCC_WARN_UNUSED_FUNCTION = YES;
				GCC_WARN_UNUSED_VARIABLE = YES;
				IPHONEOS_DEPLOYMENT_TARGET = 17.5;
				LOCALIZATION_PREFERS_STRING_CATALOGS = YES;
				MTL_ENABLE_DEBUG_INFO = INCLUDE_SOURCE;
				MTL_FAST_MATH = YES;
				ONLY_ACTIVE_ARCH = YES;
				SDKROOT = iphoneos;
				SWIFT_ACTIVE_COMPILATION_CONDITIONS = "DEBUG $(inherited)";
				SWIFT_OPTIMIZATION_LEVEL = "-Onone";
			};
			name = Debug;
		};
		6E064A212CFA3F8800B178B7 /* Release */ = {
			isa = XCBuildConfiguration;
			buildSettings = {
				ALWAYS_SEARCH_USER_PATHS = NO;
				ASSETCATALOG_COMPILER_GENERATE_SWIFT_ASSET_SYMBOL_EXTENSIONS = YES;
				CLANG_ANALYZER_NONNULL = YES;
				CLANG_ANALYZER_NUMBER_OBJECT_CONVERSION = YES_AGGRESSIVE;
				CLANG_CXX_LANGUAGE_STANDARD = "gnu++20";
				CLANG_ENABLE_MODULES = YES;
				CLANG_ENABLE_OBJC_ARC = YES;
				CLANG_ENABLE_OBJC_WEAK = YES;
				CLANG_WARN_BLOCK_CAPTURE_AUTORELEASING = YES;
				CLANG_WARN_BOOL_CONVERSION = YES;
				CLANG_WARN_COMMA = YES;
				CLANG_WARN_CONSTANT_CONVERSION = YES;
				CLANG_WARN_DEPRECATED_OBJC_IMPLEMENTATIONS = YES;
				CLANG_WARN_DIRECT_OBJC_ISA_USAGE = YES_ERROR;
				CLANG_WARN_DOCUMENTATION_COMMENTS = YES;
				CLANG_WARN_EMPTY_BODY = YES;
				CLANG_WARN_ENUM_CONVERSION = YES;
				CLANG_WARN_INFINITE_RECURSION = YES;
				CLANG_WARN_INT_CONVERSION = YES;
				CLANG_WARN_NON_LITERAL_NULL_CONVERSION = YES;
				CLANG_WARN_OBJC_IMPLICIT_RETAIN_SELF = YES;
				CLANG_WARN_OBJC_LITERAL_CONVERSION = YES;
				CLANG_WARN_OBJC_ROOT_CLASS = YES_ERROR;
				CLANG_WARN_QUOTED_INCLUDE_IN_FRAMEWORK_HEADER = YES;
				CLANG_WARN_RANGE_LOOP_ANALYSIS = YES;
				CLANG_WARN_STRICT_PROTOTYPES = YES;
				CLANG_WARN_SUSPICIOUS_MOVE = YES;
				CLANG_WARN_UNGUARDED_AVAILABILITY = YES_AGGRESSIVE;
				CLANG_WARN_UNREACHABLE_CODE = YES;
				CLANG_WARN__DUPLICATE_METHOD_MATCH = YES;
				COPY_PHASE_STRIP = NO;
				DEBUG_INFORMATION_FORMAT = "dwarf-with-dsym";
				ENABLE_NS_ASSERTIONS = NO;
				ENABLE_STRICT_OBJC_MSGSEND = YES;
				ENABLE_USER_SCRIPT_SANDBOXING = YES;
				GCC_C_LANGUAGE_STANDARD = gnu17;
				GCC_NO_COMMON_BLOCKS = YES;
				GCC_WARN_64_TO_32_BIT_CONVERSION = YES;
				GCC_WARN_ABOUT_RETURN_TYPE = YES_ERROR;
				GCC_WARN_UNDECLARED_SELECTOR = YES;
				GCC_WARN_UNINITIALIZED_AUTOS = YES_AGGRESSIVE;
				GCC_WARN_UNUSED_FUNCTION = YES;
				GCC_WARN_UNUSED_VARIABLE = YES;
				IPHONEOS_DEPLOYMENT_TARGET = 17.5;
				LOCALIZATION_PREFERS_STRING_CATALOGS = YES;
				MTL_ENABLE_DEBUG_INFO = NO;
				MTL_FAST_MATH = YES;
				SDKROOT = iphoneos;
				SWIFT_COMPILATION_MODE = wholemodule;
				VALIDATE_PRODUCT = YES;
			};
			name = Release;
		};
		6E064A232CFA3F8800B178B7 /* Debug */ = {
			isa = XCBuildConfiguration;
			buildSettings = {
				ASSETCATALOG_COMPILER_APPICON_NAME = AppIcon;
				ASSETCATALOG_COMPILER_GLOBAL_ACCENT_COLOR_NAME = AccentColor;
				CODE_SIGN_STYLE = Automatic;
				CURRENT_PROJECT_VERSION = 1;
				DEVELOPMENT_ASSET_PATHS = "\"bartender/Preview Content\"";
				ENABLE_PREVIEWS = YES;
				GENERATE_INFOPLIST_FILE = YES;
				INFOPLIST_KEY_UIApplicationSceneManifest_Generation = YES;
				INFOPLIST_KEY_UIApplicationSupportsIndirectInputEvents = YES;
				INFOPLIST_KEY_UILaunchScreen_Generation = YES;
				INFOPLIST_KEY_UISupportedInterfaceOrientations_iPad = "UIInterfaceOrientationPortrait UIInterfaceOrientationPortraitUpsideDown UIInterfaceOrientationLandscapeLeft UIInterfaceOrientationLandscapeRight";
				INFOPLIST_KEY_UISupportedInterfaceOrientations_iPhone = "UIInterfaceOrientationPortrait UIInterfaceOrientationLandscapeLeft UIInterfaceOrientationLandscapeRight";
				LD_RUNPATH_SEARCH_PATHS = (
					"$(inherited)",
					"@executable_path/Frameworks",
				);
				MARKETING_VERSION = 1.0;
				PRODUCT_BUNDLE_IDENTIFIER = gabriellp.bartender;
				PRODUCT_NAME = "$(TARGET_NAME)";
				SWIFT_EMIT_LOC_STRINGS = YES;
				SWIFT_VERSION = 5.0;
				TARGETED_DEVICE_FAMILY = "1,2";
			};
			name = Debug;
		};
		6E064A242CFA3F8800B178B7 /* Release */ = {
			isa = XCBuildConfiguration;
			buildSettings = {
				ASSETCATALOG_COMPILER_APPICON_NAME = AppIcon;
				ASSETCATALOG_COMPILER_GLOBAL_ACCENT_COLOR_NAME = AccentColor;
				CODE_SIGN_STYLE = Automatic;
				CURRENT_PROJECT_VERSION = 1;
				DEVELOPMENT_ASSET_PATHS = "\"bartender/Preview Content\"";
				ENABLE_PREVIEWS = YES;
				GENERATE_INFOPLIST_FILE = YES;
				INFOPLIST_KEY_UIApplicationSceneManifest_Generation = YES;
				INFOPLIST_KEY_UIApplicationSupportsIndirectInputEvents = YES;
				INFOPLIST_KEY_UILaunchScreen_Generation = YES;
				INFOPLIST_KEY_UISupportedInterfaceOrientations_iPad = "UIInterfaceOrientationPortrait UIInterfaceOrientationPortraitUpsideDown UIInterfaceOrientationLandscapeLeft UIInterfaceOrientationLandscapeRight";
				INFOPLIST_KEY_UISupportedInterfaceOrientations_iPhone = "UIInterfaceOrientationPortrait UIInterfaceOrientationLandscapeLeft UIInterfaceOrientationLandscapeRight";
				LD_RUNPATH_SEARCH_PATHS = (
					"$(inherited)",
					"@executable_path/Frameworks",
				);
				MARKETING_VERSION = 1.0;
				PRODUCT_BUNDLE_IDENTIFIER = gabriellp.bartender;
				PRODUCT_NAME = "$(TARGET_NAME)";
				SWIFT_EMIT_LOC_STRINGS = YES;
				SWIFT_VERSION = 5.0;
				TARGETED_DEVICE_FAMILY = "1,2";
			};
			name = Release;
		};
/* End XCBuildConfiguration section */

/* Begin XCConfigurationList section */
		6E064A0F2CFA3F8600B178B7 /* Build configuration list for PBXProject "bartender" */ = {
			isa = XCConfigurationList;
			buildConfigurations = (
				6E064A202CFA3F8800B178B7 /* Debug */,
				6E064A212CFA3F8800B178B7 /* Release */,
			);
			defaultConfigurationIsVisible = 0;
			defaultConfigurationName = Release;
		};
		6E064A222CFA3F8800B178B7 /* Build configuration list for PBXNativeTarget "bartender" */ = {
			isa = XCConfigurationList;
			buildConfigurations = (
				6E064A232CFA3F8800B178B7 /* Debug */,
				6E064A242CFA3F8800B178B7 /* Release */,
			);
			defaultConfigurationIsVisible = 0;
			defaultConfigurationName = Release;
		};
/* End XCConfigurationList section */
	};
	rootObject = 6E064A0C2CFA3F8600B178B7 /* Project object */;
}
